# THIS IS AN AUTOGENERATED FILE. DO NOT EDIT THIS FILE DIRECTLY.
# yarn lockfile v1


"@babel/code-frame@^7.0.0":
  version "7.29.7"
  resolved "https://registry.npmjs.org/@babel/code-frame/-/code-frame-7.29.7.tgz"
  integrity sha512-Aup7aUOfpbAUg2ROOJN6Iw5f9DMBlzu0mIkm/malLQFN/YQgO48wCj0Kxa3sEHJvPVFg7siR+qRInwXd2qhQKw==
  dependencies:
    "@babel/helper-validator-identifier" "^7.29.7"
    js-tokens "^4.0.0"
    picocolors "^1.1.1"

"@babel/helper-validator-identifier@^7.29.7":
  version "7.29.7"
  resolved "https://registry.npmjs.org/@babel/helper-validator-identifier/-/helper-validator-identifier-7.29.7.tgz"
  integrity sha512-qehxGkRj55h/ff8EMaJ+cYhyaKlHIxqYDn682wQD7RNp9UujOQsHog2uS0r2vzr4pW+sXf90NeeayjcNaX3fFg==

"@commitlint/cli@^21.2.2":
  version "21.2.3"
  resolved "https://registry.npmjs.org/@commitlint/cli/-/cli-21.2.3.tgz"
  integrity sha512-5yOX6IRjcrIReCxpyAd04hgI/yhUMpVBJ/ouwFV0wk9yx5+fYRDWZWJ5h55Tbedgfol+5m2mU5nqzbB8g3v0vQ==
  dependencies:
    "@commitlint/config-conventional" "^21.2.3"
    "@commitlint/format" "^21.2.3"
    "@commitlint/lint" "^21.2.3"
    "@commitlint/load" "^21.2.3"
    "@commitlint/read" "^21.2.3"
    "@commitlint/types" "^21.2.3"
    tinyexec "^1.0.0"
    yargs "^18.0.0"

"@commitlint/config-conventional@^21.2.2", "@commitlint/config-conventional@^21.2.3":
  version "21.2.3"
  resolved "https://registry.npmjs.org/@commitlint/config-conventional/-/config-conventional-21.2.3.tgz"
  integrity sha512-EP2n5DN2GwRWNVrLX0Jx3mpQlW5PfFi9HnD9OJ8hN/H0xFqpCFyHeGDhg+0P8/21iMMcdkcQgbNqmVklebqYsQ==
  dependencies:
    "@commitlint/types" "^21.2.3"
    conventional-changelog-conventionalcommits "^10.0.0"

"@commitlint/config-validator@^21.2.3":
  version "21.2.3"
  resolved "https://registry.npmjs.org/@commitlint/config-validator/-/config-validator-21.2.3.tgz"
  integrity sha512-JQ13v0GafSM4fBYX8UowSy++07Was20auq0NcTdnzSEq6/05Cq5GBUMIfKkqjzyBwC9sJFmPpKWgLLhH7cygkw==
  dependencies:
    "@commitlint/types" "^21.2.3"
    ajv "^8.11.0"

"@commitlint/ensure@^21.2.3":
  version "21.2.3"
  resolved "https://registry.npmjs.org/@commitlint/ensure/-/ensure-21.2.3.tgz"
  integrity sha512-gEjNKgRocbODI5/sMx2Qc9XOf2/zFTNV2aEK1QZ4gKDKxDC/VR7us3QtIX1C5d5xxHxx0I/tEbYbdSP1Am2LwA==
  dependencies:
    "@commitlint/types" "^21.2.3"
    es-toolkit "^1.46.0"

"@commitlint/execute-rule@^21.0.1":
  version "21.0.1"
  resolved "https://registry.npmjs.org/@commitlint/execute-rule/-/execute-rule-21.0.1.tgz"
  integrity sha512-RifH+FmImozKBE6mozhF4K3r2RRKP7SMi/Q/zLCmExtp5e05lhHOUYqGBlFBAGNHaZxU/WYw1XuugYK9jQzqnA==

"@commitlint/format@^21.2.3":
  version "21.2.3"
  resolved "https://registry.npmjs.org/@commitlint/format/-/format-21.2.3.tgz"
  integrity sha512-KKwCjXYqA8r295uhLnulDXL9yekdXmj2yp2Q0XsBPhxQ2iPuvRE8F43j7g7yexo69wTdmUQmFz15jpderluzUQ==
  dependencies:
    "@commitlint/types" "^21.2.3"
    picocolors "^1.1.1"

"@commitlint/is-ignored@^21.2.3":
  version "21.2.3"
  resolved "https://registry.npmjs.org/@commitlint/is-ignored/-/is-ignored-21.2.3.tgz"
  integrity sha512-Ng4nRj/LBAOvc+GQu7bsFW4/fL89LvZ14OOC/ERLbUpnG6QBwWRzY/1oXGwPs3C8YHWjJObin4kLYo2YeEn70w==
  dependencies:
    "@commitlint/types" "^21.2.3"
    semver "^7.6.0"

"@commitlint/lint@^21.2.3":
  version "21.2.3"
  resolved "https://registry.npmjs.org/@commitlint/lint/-/lint-21.2.3.tgz"
  integrity sha512-lUZcSuVLLEDkhge9ERk8Rp+FXQtrUhCK+h328BFnzKXrTuXGdqiYMEpTlNWdZaOrjyMhMJaz354ZaWEGJxcLeg==
  dependencies:
    "@commitlint/is-ignored" "^21.2.3"
    "@commitlint/parse" "^21.2.3"
    "@commitlint/rules" "^21.2.3"
    "@commitlint/types" "^21.2.3"

"@commitlint/load@^21.2.3":
  version "21.2.3"
  resolved "https://registry.npmjs.org/@commitlint/load/-/load-21.2.3.tgz"
  integrity sha512-cDrL8lOo23Lk7knGzQdjbFcq7z2JgvjwV6PhbESVvEc+Fe21MeLjPKBJi8nKjg7j+jh79CVbVSUbZc104thXRw==
  dependencies:
    "@commitlint/config-validator" "^21.2.3"
    "@commitlint/execute-rule" "^21.0.1"
    "@commitlint/resolve-extends" "^21.2.3"
    "@commitlint/types" "^21.2.3"
    cosmiconfig "^9.0.1"
    cosmiconfig-typescript-loader "^6.1.0"
    es-toolkit "^1.46.0"
    is-plain-obj "^4.1.0"
    picocolors "^1.1.1"

"@commitlint/message@^21.2.0":
  version "21.2.0"
  resolved "https://registry.npmjs.org/@commitlint/message/-/message-21.2.0.tgz"
  integrity sha512-YxGoiXD/HXNXLJPrQwE5poXa+XH0CBEm+mdvbHQP0g6MV/dmJyUFCzPNzZbxL93GvZ70TmtTK0Z0/IBpAqHv8g==

"@commitlint/parse@^21.2.3":
  version "21.2.3"
  resolved "https://registry.npmjs.org/@commitlint/parse/-/parse-21.2.3.tgz"
  integrity sha512-Jt61QpF1xA88damCELe8I0FlDZPSpXNc8IhN7z5kZ0EcDYPjdZ+ZHPvsSXl69r2MIlLnNKeHhOn2cmVpziFE9w==
  dependencies:
    "@commitlint/types" "^21.2.3"
    conventional-changelog-angular "^9.0.0"
    conventional-commits-parser "^7.0.0"

"@commitlint/read@^21.2.3":
  version "21.2.3"
  resolved "https://registry.npmjs.org/@commitlint/read/-/read-21.2.3.tgz"
  integrity sha512-szAepuLA1vTTr7fuudEg7jYyVHudf+FH+vptU91bhxE1WnE8TKrfTAi44HVllz8XpI8Pvp4GjR/iP5Nshgh+og==
  dependencies:
    "@commitlint/top-level" "^21.2.0"
    "@commitlint/types" "^21.2.3"
    "@conventional-changelog/git-client" "^3.0.0"
    tinyexec "^1.0.0"

"@commitlint/resolve-extends@^21.2.3":
  version "21.2.3"
  resolved "https://registry.npmjs.org/@commitlint/resolve-extends/-/resolve-extends-21.2.3.tgz"
  integrity sha512-bqJdmAtXgAQel+l02uIsF7rHgKgx1AGZdGBjam7uK4XW54ZAQtB6XAIUXezYprQiCcRMpBh4fHs5JodXK4mVZA==
  dependencies:
    "@commitlint/config-validator" "^21.2.3"
    "@commitlint/types" "^21.2.3"
    es-toolkit "^1.46.0"
    global-directory "^5.0.0"
    resolve-from "^5.0.0"

"@commitlint/rules@^21.2.3":
  version "21.2.3"
  resolved "https://registry.npmjs.org/@commitlint/rules/-/rules-21.2.3.tgz"
  integrity sha512-5+YnI/LuTx3JDl9GjqfP2z9x96M8KKDrd+4jOel/T0L1BB3oAmBlSN8xppf63QsudiVEgR8C0gRoAMrPVrms6g==
  dependencies:
    "@commitlint/ensure" "^21.2.3"
    "@commitlint/message" "^21.2.0"
    "@commitlint/to-lines" "^21.0.1"
    "@commitlint/types" "^21.2.3"

"@commitlint/to-lines@^21.0.1":
  version "21.0.1"
  resolved "https://registry.npmjs.org/@commitlint/to-lines/-/to-lines-21.0.1.tgz"
  integrity sha512-bd1BFII7p1EQZre9Kaj+kKaMFP3cFCdt21K7DItVux9XP5WjLgJ0/Uy1pJJh9aPwVJ6SKg62PxqlZaHI8hQAXw==

"@commitlint/top-level@^21.2.0":
  version "21.2.0"
  resolved "https://registry.npmjs.org/@commitlint/top-level/-/top-level-21.2.0.tgz"
  integrity sha512-Y5gmQ+KxzqCrBFJfLvFEPvvwD3LDiNZoTT2yeFBm96M8qhmqSzQc5DvX3rheAaAMjyIvMXOCLS/mWfdpONsjyQ==
  dependencies:
    escalade "^3.2.0"

"@commitlint/types@^21.2.3":
  version "21.2.3"
  resolved "https://registry.npmjs.org/@commitlint/types/-/types-21.2.3.tgz"
  integrity sha512-sGEA473TlCvhCGNoTBY9OXZVWdscIXdGt0dm8EpB+2MRfmt8LNh/X56P/T3nCtEB+eH5qGEa3odphSAoUxSfSQ==
  dependencies:
    conventional-commits-parser "^7.0.0"
    picocolors "^1.1.1"

"@conventional-changelog/git-client@^3.0.0", "@conventional-changelog/git-client@^3.1.0":
  version "3.1.2"
  resolved "https://registry.npmjs.org/@conventional-changelog/git-client/-/git-client-3.1.2.tgz"
  integrity sha512-jZqwnJwf7nboIlAcw/mkOjVa6DexCcUOgT2oOQgkoi3z9vR8tGFkcMy2BFcYwjhL9sYcDDXkRQDayiDieCoW7A==
  dependencies:
    "@simple-libs/child-process-utils" "^2.0.0"
    "@simple-libs/stream-utils" "^2.0.0"
    semver "^7.5.2"

"@conventional-changelog/git-client@3.1.0":
  version "3.1.0"
  resolved "https://registry.npmjs.org/@conventional-changelog/git-client/-/git-client-3.1.0.tgz"
  integrity sha512-Tqa/gHco2WJWa740NRjOrfKVvzIqxkZpecb8bemaQ8sKM5PXb1UK4uTyTb/1wIqNuOVaDOFxyBdhTIQZn6gdjQ==
  dependencies:
    "@simple-libs/child-process-utils" "^2.0.0"
    "@simple-libs/stream-utils" "^2.0.0"
    semver "^7.5.2"

"@conventional-changelog/template@^1.2.1", "@conventional-changelog/template@1.2.1":
  version "1.2.1"
  resolved "https://registry.npmjs.org/@conventional-changelog/template/-/template-1.2.1.tgz"
  integrity sha512-TzlTVpKPjaqW6qOYjQcYUDuGsLCNsvFHVBXkYGTAnf5V37jCWrE5haKNXzz0WZUtVHjrpV76L1buANjwXMfT8w==

"@conventional-changelog/template@^1.3.0":
  version "1.4.0"
  resolved "https://registry.npmjs.org/@conventional-changelog/template/-/template-1.4.0.tgz"
  integrity sha512-aalGyl7dbB5PArRebDIX43ZvBlXrYm9uWzGJ26t+4SzJVPsOuvfILGGbw5X4yX7i50YEmJ8zvbiWnqH/AAnZqg==

"@conventional-changelog/template@^1.4.0":
  version "1.4.0"
  resolved "https://registry.npmjs.org/@conventional-changelog/template/-/template-1.4.0.tgz"
  integrity sha512-aalGyl7dbB5PArRebDIX43ZvBlXrYm9uWzGJ26t+4SzJVPsOuvfILGGbw5X4yX7i50YEmJ8zvbiWnqH/AAnZqg==

"@nodable/entities@^3.0.0":
  version "3.0.0"
  resolved "https://registry.npmjs.org/@nodable/entities/-/entities-3.0.0.tgz"
  integrity sha512-8L9xFeTYKhm49xfIypoe2W5wV1m/3Z58kT+7kR9A8OyFxcPduI4VmxaUMQyKYrRjUoLLSXv6EKKID5Tvj9cUVw==

"@simple-libs/child-process-utils@^2.0.0":
  version "2.0.0"
  resolved "https://registry.npmjs.org/@simple-libs/child-process-utils/-/child-process-utils-2.0.0.tgz"
  integrity sha512-dvNoRKLijXnD0XoJAz94pbNuB5GQgDr55UhpSPhffDkTT0Cmcqh9jSCOtwfT2d4H6MI9E7c4SgtMuJXZ6F3c6A==
  dependencies:
    "@simple-libs/stream-utils" "^2.0.0"

"@simple-libs/hosted-git-info@^2.0.0":
  version "2.0.0"
  resolved "https://registry.npmjs.org/@simple-libs/hosted-git-info/-/hosted-git-info-2.0.0.tgz"
  integrity sha512-55XwK/GYgV58PuN8lZFhI1qRxdKoMLJocXl/yM1EPqazFDmM4QWY7q6BxPCPDNKTNunj794DSD4h0H7SrqUdMg==

"@simple-libs/normalize-package-data@^1.0.0":
  version "1.0.0"
  resolved "https://registry.npmjs.org/@simple-libs/normalize-package-data/-/normalize-package-data-1.0.0.tgz"
  integrity sha512-/EOmFBekV9tGee8gac/k+5Ox3twkypNqh5TfxA9vTkmcJkjm6f1xqrlstDNOrEhTvnYyVtU6Du2ZhY/IV1+9GA==
  dependencies:
    "@simple-libs/hosted-git-info" "^2.0.0"
    semver "^7.8.5"

"@simple-libs/stream-utils@^2.0.0":
  version "2.0.0"
  resolved "https://registry.npmjs.org/@simple-libs/stream-utils/-/stream-utils-2.0.0.tgz"
  integrity sha512-fCTuZK4QBa+39Oz9l4OGfJfz+GpwCp3AqO7Zch3to99xHPgstVsRFpeQ8LNd2o1Gv8raL2mCFwiaHh7bFSp5DQ==

"@types/node@*":
  version "26.6.2"
  resolved "https://registry.npmjs.org/@types/node/-/node-26.6.2.tgz"
  integrity sha512-X1P21scMv4zGKLYqjdGjaKa7COa0RKVYYZZN/NfvLQ1JegxFhdhpZG/Lyn8AXx6CDUavKAd11v6BvfpkDByK8g==
  dependencies:
    undici-types "~8.9.0"

"@typescript/typescript-darwin-arm64@7.0.2":
  version "7.0.2"
  resolved "https://registry.npmjs.org/@typescript/typescript-darwin-arm64/-/typescript-darwin-arm64-7.0.2.tgz"
  integrity sha512-gowzar9MwS/aRWp6f3a4KUqzRjAZjOsmGNCM6LcTgXum+dBfgsBVMN+AgvOCCbguXyick6LJhpBszxMebJ8syA==

ajv@^8.11.0:
  version "8.20.0"
  resolved "https://registry.npmjs.org/ajv/-/ajv-8.20.0.tgz"
  integrity sha512-Thbli+OlOj+iMPYFBVBfJ3OmCAnaSyNn4M1vz9T6Gka5Jt9ba/HIR56joy65tY6kx/FCF5VXNB819Y7/GUrBGA==
  dependencies:
    fast-deep-equal "^3.1.3"
    fast-uri "^3.0.1"
    json-schema-traverse "^1.0.0"
    require-from-string "^2.0.2"

ansi-regex@^5.0.1:
  version "5.0.1"
  resolved "https://registry.npmjs.org/ansi-regex/-/ansi-regex-5.0.1.tgz"
  integrity sha512-quJQXlTSUGL2LH9SUXo8VwsY4soanhgo6LNSm84E1LBcE8s3O0wpdiRzyR9z/ZZJMlMWv37qOOb9pdJlMUEKFQ==

ansi-regex@^6.2.2:
  version "6.3.0"
  resolved "https://registry.npmjs.org/ansi-regex/-/ansi-regex-6.3.0.tgz"
  integrity sha512-WpDfL7NO6j7tH88IDBNVdUJxDh9nmCteAVW9dsep846XdwF4naCBK+/tGLX3KJgcpgMRXCFlTM2hKGoK9FsdrQ==

ansi-styles@^4.0.0:
  version "4.3.0"
  resolved "https://registry.npmjs.org/ansi-styles/-/ansi-styles-4.3.0.tgz"
  integrity sha512-zbB9rCJAT1rbjiVDb2hqKFHNYLxgtk8NURxZ3IZwD3F6NtxbXZQCnnSi1Lkx+IDohdPlFp222wVALIheZJQSEg==
  dependencies:
    color-convert "^2.0.1"

ansi-styles@^6.2.1:
  version "6.2.3"
  resolved "https://registry.npmjs.org/ansi-styles/-/ansi-styles-6.2.3.tgz"
  integrity sha512-4Dj6M28JB+oAH8kFkTLUo+a2jwOFkuqb3yucU0CANcRRUbxS0cP0nZYCGjcc3BNXwRIsUVmDGgzawme7zvJHvg==

anynum@^1.0.1:
  version "1.0.1"
  resolved "https://registry.npmjs.org/anynum/-/anynum-1.0.1.tgz"
  integrity sha512-N6//FLET/tXYNM/F6ABca1oH6fWB+KlTt909Le28WMDBk8oaT4vY17DCrwg2MvmuqUKt3Ni4N5dGJ/EoBgcO6A==

argparse@^2.0.1:
  version "2.0.1"
  resolved "https://registry.npmjs.org/argparse/-/argparse-2.0.1.tgz"
  integrity sha512-8+9WqebbFzpX9OR+Wa6O29asIogeRMzcGtAINdpMHHyAg10f05aSFVBbcEqGf/PXw1EjAZ+q2/bEBg3DvurK3Q==

argue-cli@^3.1.0:
  version "3.2.0"
  resolved "https://registry.npmjs.org/argue-cli/-/argue-cli-3.2.0.tgz"
  integrity sha512-VipTB0gXgGIFO2Rg9yEVN5wLt2AurJcZqDbgmYSwPwsykhLrQhs240/bfceev4w68lI8JshoOJIk9uW7tFzROw==

balanced-match@^1.0.0:
  version "1.0.2"
  resolved "https://registry.npmjs.org/balanced-match/-/balanced-match-1.0.2.tgz"
  integrity sha512-3oSeUO0TMV67hN1AmbXsK4yaqU7tjiHlbxRDZOpH0KW9+CeX4bRAaX0Anxt0tx2MrpRpWwQaPwIlISEJhYU5Pw==

brace-expansion@^1.1.7:
  version "1.1.18"
  resolved "https://registry.npmjs.org/brace-expansion/-/brace-expansion-1.1.18.tgz"
  integrity sha512-Edep/X9fGqVNmzKBVsDYIOtD+z1tuezV70LBjdCst9Tqu76lsnvRiZ6oTic1n+/BIwX6QDGAO94PN4N2SADvtw==
  dependencies:
    balanced-match "^1.0.0"
    concat-map "0.0.1"

callsites@^3.0.0:
  version "3.1.0"
  resolved "https://registry.npmjs.org/callsites/-/callsites-3.1.0.tgz"
  integrity sha512-P8BjAsXvZS+VIDUI11hHCQEv74YT67YUi5JJFNWIqL235sBmjX4+qx9Muvls5ivyNENctx46xQLQ3aTuE7ssaQ==

chalk@^6.0.0:
  version "6.0.0"
  resolved "https://registry.npmjs.org/chalk/-/chalk-6.0.0.tgz"
  integrity sha512-2uNTXIuTTxk7ciZgAU1BQcgnchcG0xXnrs6jzkQfj9SsRa9M2s5zE8WT96hS6KmG4MzWHSrvH43DF1m4XRkrFg==

cliui@^8.0.1:
  version "8.0.1"
  resolved "https://registry.npmjs.org/cliui/-/cliui-8.0.1.tgz"
  integrity sha512-BSeNnyus75C4//NQ9gQt1/csTXyo/8Sb+afLAkzAptFuMsod9HFokGNudZpi/oQV73hnVK+sR+5PVRMd+Dr7YQ==
  dependencies:
    string-width "^4.2.0"
    strip-ansi "^6.0.1"
    wrap-ansi "^7.0.0"

cliui@^9.0.1:
  version "9.0.1"
  resolved "https://registry.npmjs.org/cliui/-/cliui-9.0.1.tgz"
  integrity sha512-k7ndgKhwoQveBL+/1tqGJYNz097I7WOvwbmmU2AR5+magtbjPWQTS1C5vzGkBC8Ym8UWRzfKUzUUqFLypY4Q+w==
  dependencies:
    string-width "^7.2.0"
    strip-ansi "^7.1.0"
    wrap-ansi "^9.0.0"

color-convert@^2.0.1:
  version "2.0.1"
  resolved "https://registry.npmjs.org/color-convert/-/color-convert-2.0.1.tgz"
  integrity sha512-RRECPsj7iu/xb5oKYcsFHSppFNnsj/52OVTRKb4zP5onXwVF3zVmmToNcOfGC+CRDpfK/U584fMg38ZHCaElKQ==
  dependencies:
    color-name "~1.1.4"

color-name@~1.1.4:
  version "1.1.4"
  resolved "https://registry.npmjs.org/color-name/-/color-name-1.1.4.tgz"
  integrity sha512-dOy+3AuW3a2wNbZHIuMZpTcgjGuLU/uBL/ubcZF9OXbDo8ff4O8yVp5Bf0efS8uEoYo5q4Fx7dY9OgQGXgAsQA==

commit-and-tag-version@^13.1.2:
  version "13.2.1"
  resolved "https://registry.npmjs.org/commit-and-tag-version/-/commit-and-tag-version-13.2.1.tgz"
  integrity sha512-E9PldGnNugkmHvMrbuAVnMJQo8jLtpKah9KSLN8ktrH/95co5qpm1LKBlSZb6R/vN+NwoT44gVmPTNnSlq5keg==
  dependencies:
    "@conventional-changelog/git-client" "3.1.0"
    "@conventional-changelog/template" "1.2.1"
    chalk "^6.0.0"
    conventional-changelog "8.1.0"
    conventional-changelog-config-spec "2.1.0"
    conventional-changelog-conventionalcommits "10.2.1"
    conventional-recommended-bump "12.1.0"
    detect-indent "^7.0.2"
    detect-newline "^3.1.0"
    dotgitignore "^2.1.0"
    fast-xml-parser "^5.10.1"
    figures "^3.2.0"
    find-up "^5.0.0"
    semver "^7.7.2"
    yaml "^2.9.0"
    yargs "^17.7.2"

concat-map@0.0.1:
  version "0.0.1"
  resolved "https://registry.npmjs.org/concat-map/-/concat-map-0.0.1.tgz"
  integrity sha512-/Srv4dswyQNBfohGpz9o6Yb3Gz3SrUDqBH5rTuhGR7ahtlbYKnVxw2bCFMRljaA7EXHaXZ8wsHdodFvbkhKmqg==

conventional-changelog-angular@^9.0.0:
  version "9.4.0"
  resolved "https://registry.npmjs.org/conventional-changelog-angular/-/conventional-changelog-angular-9.4.0.tgz"
  integrity sha512-HdxRxuS8bBXVIuo4V82gvSwAXT0vYQUizrjs/izmPg5JdDstr8v8I5hduGL3iQbG+o310dUDxC4+LetuS5hu9w==
  dependencies:
    "@conventional-changelog/template" "^1.4.0"

conventional-changelog-config-spec@2.1.0:
  version "2.1.0"
  resolved "https://registry.npmjs.org/conventional-changelog-config-spec/-/conventional-changelog-config-spec-2.1.0.tgz"
  integrity sha512-IpVePh16EbbB02V+UA+HQnnPIohgXvJRxHcS5+Uwk4AT5LjzCZJm5sp/yqs5C6KZJ1jMsV4paEV13BN1pvDuxQ==

conventional-changelog-conventionalcommits@^10.0.0:
  version "10.4.0"
  resolved "https://registry.npmjs.org/conventional-changelog-conventionalcommits/-/conventional-changelog-conventionalcommits-10.4.0.tgz"
  integrity sha512-Rriac6ZrAlVm6cy9Bz4NSp+WMHpwNXoPIYex+HjCgduAVUSbnew29DQjQw0C4g9u3HtSYzGiGY+pdBXAZo+4aA==
  dependencies:
    "@conventional-changelog/template" "^1.4.0"

conventional-changelog-conventionalcommits@10.2.1:
  version "10.2.1"
  resolved "https://registry.npmjs.org/conventional-changelog-conventionalcommits/-/conventional-changelog-conventionalcommits-10.2.1.tgz"
  integrity sha512-n4Kr1HFMTf3iMbES0TMxKIcYtUUv4rKqyQQp2JwfOEfFCOfGT3Tq4mCyJ8S9/YPyWhydjfKrrvnyl+gCjA+mJQ==
  dependencies:
    "@conventional-changelog/template" "^1.2.1"

conventional-changelog-preset-loader@^6.0.1:
  version "6.0.1"
  resolved "https://registry.npmjs.org/conventional-changelog-preset-loader/-/conventional-changelog-preset-loader-6.0.1.tgz"
  integrity sha512-GZ8E3RQzXQb3JFy0pKl8oeSf7ENIhvAMvJr+PlWkavZOesLHHdhkfNJ4SvW35eo1Fu2+EyVxWQ1tVvtzAG2iWg==

conventional-changelog-writer@^9.2.0:
  version "9.2.1"
  resolved "https://registry.npmjs.org/conventional-changelog-writer/-/conventional-changelog-writer-9.2.1.tgz"
  integrity sha512-StlYSmW3wLedRaqohJMpP3YuWiAqtgD0/cpsai9frdDkXv7rxj0hRbpJrubPYvJxJsjplONsOobEQnPuS9UgCg==
  dependencies:
    "@conventional-changelog/template" "^1.3.0"
    "@simple-libs/stream-utils" "^2.0.0"
    argue-cli "^3.1.0"
    conventional-commits-filter "^6.0.1"
    semver "^7.5.2"

conventional-changelog@8.1.0:
  version "8.1.0"
  resolved "https://registry.npmjs.org/conventional-changelog/-/conventional-changelog-8.1.0.tgz"
  integrity sha512-idt1JK+3+Nt7gqH/d/sEYWdDeR+5XPov/jssmFN6XxmYSRlonTWSDWhWUPkmm0zbwYjtVdt+4My5aiPkKyvocw==
  dependencies:
    "@conventional-changelog/git-client" "^3.1.0"
    "@simple-libs/hosted-git-info" "^2.0.0"
    "@simple-libs/normalize-package-data" "^1.0.0"
    argue-cli "^3.1.0"
    conventional-changelog-preset-loader "^6.0.1"
    conventional-changelog-writer "^9.2.0"
    conventional-commits-parser "^7.1.0"
    fd-package-json "^2.0.0"

conventional-commits-filter@^6.0.1:
  version "6.0.1"
  resolved "https://registry.npmjs.org/conventional-commits-filter/-/conventional-commits-filter-6.0.1.tgz"
  integrity sha512-cs+LadpH7Kpw0M3k8wurk+sOVVDAENA0iK4OBOrkL94j5lEVYRJ4j3zd2bhY9qgzyrPqthdcYT3axzRN7AliMg==

conventional-commits-parser@^7.0.0, conventional-commits-parser@^7.0.1, conventional-commits-parser@^7.1.0, conventional-commits-parser@^7.1.2:
  version "7.1.2"
  resolved "https://registry.npmjs.org/conventional-commits-parser/-/conventional-commits-parser-7.1.2.tgz"
  integrity sha512-O+x4N2yH+ijvqWlIyTHsXTAP+algNWgGbjY2duCe8w2vUMvUB95cLRslCPfTMQyLAKlet3bhZTdu6ozn4M+QJQ==
  dependencies:
    "@simple-libs/stream-utils" "^2.0.0"
    argue-cli "^3.1.0"

conventional-recommended-bump@12.1.0:
  version "12.1.0"
  resolved "https://registry.npmjs.org/conventional-recommended-bump/-/conventional-recommended-bump-12.1.0.tgz"
  integrity sha512-HTNG3kEZXOOfKwrEx54ljURU9bG4nVPQzXMyCSeUcA/PE8EpNpQNujSrbXNBI8QZyN35zM+pVw+FuQk4KqHSHg==
  dependencies:
    "@conventional-changelog/git-client" "^3.1.0"
    argue-cli "^3.1.0"
    conventional-changelog-preset-loader "^6.0.1"
    conventional-commits-filter "^6.0.1"
    conventional-commits-parser "^7.1.0"

cosmiconfig-typescript-loader@^6.1.0:
  version "6.3.0"
  resolved "https://registry.npmjs.org/cosmiconfig-typescript-loader/-/cosmiconfig-typescript-loader-6.3.0.tgz"
  integrity sha512-Akr82WH1Wfqatyiqpj8HDkO2o2KmJRu1FhKfSNJP3K4IdXwHfEyL7MOb62i1AGQVLtIQM+iCE9CGOtrfhR+mmA==
  dependencies:
    jiti "2.6.1"

cosmiconfig@^9.0.1, cosmiconfig@>=9:
  version "9.0.2"
  resolved "https://registry.npmjs.org/cosmiconfig/-/cosmiconfig-9.0.2.tgz"
  integrity sha512-gtTZxTDau1wL7Y7zifc2dd8jHSK/k6BTx/2Xp/BpdlAdnlYWFVt7qhJqgwi7637yRwRQ3qL4ZidbB4I8tA5VOg==
  dependencies:
    env-paths "^2.2.1"
    import-fresh "^3.3.0"
    js-yaml "^4.1.0"
    parse-json "^5.2.0"

detect-indent@^7.0.2:
  version "7.0.2"
  resolved "https://registry.npmjs.org/detect-indent/-/detect-indent-7.0.2.tgz"
  integrity sha512-y+8xyqdGLL+6sh0tVeHcfP/QDd8gUgbasolJJpY7NgeQGSZ739bDtSiaiDgtoicy+mtYB81dKLxO9xRhCyIB3A==

detect-newline@^3.1.0:
  version "3.1.0"
  resolved "https://registry.npmjs.org/detect-newline/-/detect-newline-3.1.0.tgz"
  integrity sha512-TLz+x/vEXm/Y7P7wn1EJFNLxYpUD4TgMosxY6fAVJUnJMbupHBOncxyWUG9OpTaH9EBD7uFI5LfEgmMOc54DsA==

dotgitignore@^2.1.0:
  version "2.1.0"
  resolved "https://registry.npmjs.org/dotgitignore/-/dotgitignore-2.1.0.tgz"
  integrity sha512-sCm11ak2oY6DglEPpCB8TixLjWAxd3kJTs6UIcSasNYxXdFPV+YKlye92c8H4kKFqV5qYMIh7d+cYecEg0dIkA==
  dependencies:
    find-up "^3.0.0"
    minimatch "^3.0.4"

emoji-regex@^10.3.0:
  version "10.6.0"
  resolved "https://registry.npmjs.org/emoji-regex/-/emoji-regex-10.6.0.tgz"
  integrity sha512-toUI84YS5YmxW219erniWD0CIVOo46xGKColeNQRgOzDorgBi1v4D71/OFzgD9GO2UGKIv1C3Sp8DAn0+j5w7A==

emoji-regex@^8.0.0:
  version "8.0.0"
  resolved "https://registry.npmjs.org/emoji-regex/-/emoji-regex-8.0.0.tgz"
  integrity sha512-MSjYzcWNOA0ewAHpz0MxpYFvwg6yjy1NG3xteoqz644VCo/RPgnr1/GGt+ic3iJTzQ8Eu3TdM14SawnVUmGE6A==

env-paths@^2.2.1:
  version "2.2.1"
  resolved "https://registry.npmjs.org/env-paths/-/env-paths-2.2.1.tgz"
  integrity sha512-+h1lkLKhZMTYjog1VEpJNG7NZJWcuc2DDk/qsqSTRRCOXiLjeQ1d1/udrUGhqMxUgAlwKNZ0cf2uqan5GLuS2A==

error-ex@^1.3.1:
  version "1.3.4"
  resolved "https://registry.npmjs.org/error-ex/-/error-ex-1.3.4.tgz"
  integrity sha512-sqQamAnR14VgCr1A618A3sGrygcpK+HEbenA/HiEAkkUwcZIIB/tgWqHFxWgOyDh4nB4JCRimh79dR5Ywc9MDQ==
  dependencies:
    is-arrayish "^0.2.1"

es-toolkit@^1.46.0:
  version "1.52.0"
  resolved "https://registry.npmjs.org/es-toolkit/-/es-toolkit-1.52.0.tgz"
  integrity sha512-XTNEJQh1tY1ZJVcf6ayP/2n4ZPyaHlW2FWs7xvw5ddPuhUVjLD3olQVQS7kf58JbAB48iL0uL/jerTrjtV3lDA==

escalade@^3.1.1, escalade@^3.2.0:
  version "3.2.0"
  resolved "https://registry.npmjs.org/escalade/-/escalade-3.2.0.tgz"
  integrity sha512-WUj2qlxaQtO4g6Pq5c29GTcWGDyd8itL8zTlipgECz3JesAiiOKotd8JU6otB3PACgG6xkJUyVhboMS+bje/jA==

escape-string-regexp@^1.0.5:
  version "1.0.5"
  resolved "https://registry.npmjs.org/escape-string-regexp/-/escape-string-regexp-1.0.5.tgz"
  integrity sha512-vbRorB5FUQWvla16U8R/qgaFIya2qGzwDrNmCZuYKrbdSUMG6I1ZCGQRefkRVhuOkIGVne7BQ35DSfo1qvJqFg==

fast-deep-equal@^3.1.3:
  version "3.1.3"
  resolved "https://registry.npmjs.org/fast-deep-equal/-/fast-deep-equal-3.1.3.tgz"
  integrity sha512-f3qQ9oQy9j2AhBe/H9VC91wLmKBCCU/gDOnKNAYG5hswO7BLKj09Hc5HYNz9cGI++xlpDCIgDaitVs03ATR84Q==

fast-uri@^3.0.1:
  version "3.1.8"
  resolved "https://registry.npmjs.org/fast-uri/-/fast-uri-3.1.8.tgz"
  integrity sha512-GZMtZUTNRpOVIECoXwLNZS5xUGE+mVNbTB8h/7Rwh2TFWcBQiPzTgyZi05BF9UMZKkLJv8XBRJTlU7zg8+ZfMg==

fast-xml-builder@^1.2.0:
  version "1.3.1"
  resolved "https://registry.npmjs.org/fast-xml-builder/-/fast-xml-builder-1.3.1.tgz"
  integrity sha512-pIM/1n3ntFXKYrUZwW7QCK0gAW7XY+wzj1YMIV3tLDvPj/V+zTGJK5e3/4WJfwj0qWw2ElNXiTixda/R+3YSug==
  dependencies:
    path-expression-matcher "^1.6.2"
    xml-naming "^0.3.0"

fast-xml-parser@^5.10.1:
  version "5.11.1"
  resolved "https://registry.npmjs.org/fast-xml-parser/-/fast-xml-parser-5.11.1.tgz"
  integrity sha512-TBw6K/fxoQGGjCmZDw9w/ZwP3uDcnTM4YH/g+PFRWr8sbe5idXtxNN6vITh4+1ruCZaho6uBFurElsA7F0zzgw==
  dependencies:
    "@nodable/entities" "^3.0.0"
    fast-xml-builder "^1.2.0"
    is-unsafe "^2.0.0"
    path-expression-matcher "^1.6.2"
    strnum "^2.4.2"
    xml-naming "^0.3.0"

fd-package-json@^2.0.0:
  version "2.0.0"
  resolved "https://registry.npmjs.org/fd-package-json/-/fd-package-json-2.0.0.tgz"
  integrity sha512-jKmm9YtsNXN789RS/0mSzOC1NUq9mkVd65vbSSVsKdjGvYXBuE4oWe2QOEoFeRmJg+lPuZxpmrfFclNhoRMneQ==
  dependencies:
    walk-up-path "^4.0.0"

figures@^3.2.0:
  version "3.2.0"
  resolved "https://registry.npmjs.org/figures/-/figures-3.2.0.tgz"
  integrity sha512-yaduQFRKLXYOGgEn6AZau90j3ggSOyiqXU0F9JZfeXYhNa+Jk4X+s45A2zg5jns87GAFa34BBm2kXw4XpNcbdg==
  dependencies:
    escape-string-regexp "^1.0.5"

find-up@^3.0.0:
  version "3.0.0"
  resolved "https://registry.npmjs.org/find-up/-/find-up-3.0.0.tgz"
  integrity sha512-1yD6RmLI1XBfxugvORwlck6f75tYL+iR0jqwsOrOxMZyGYqUuDhJ0l4AXdO1iX/FTs9cBAMEk1gWSEx1kSbylg==
  dependencies:
    locate-path "^3.0.0"

find-up@^5.0.0:
  version "5.0.0"
  resolved "https://registry.npmjs.org/find-up/-/find-up-5.0.0.tgz"
  integrity sha512-78/PXT1wlLLDgTzDs7sjq9hzz0vXD+zn+7wypEe4fXQxCmdmqfGsEPQxmiCSQI3ajFV91bVSsvNtrJRiW6nGng==
  dependencies:
    locate-path "^6.0.0"
    path-exists "^4.0.0"

get-caller-file@^2.0.5:
  version "2.0.5"
  resolved "https://registry.npmjs.org/get-caller-file/-/get-caller-file-2.0.5.tgz"
  integrity sha512-DyFP3BM/3YHTQOCUL/w0OZHR0lpKeGrxotcHWcqNEdnltqFwXVfhEBQ94eIo34AfQpo0rGki4cyIiftY06h2Fg==

get-east-asian-width@^1.0.0, get-east-asian-width@^1.5.0:
  version "1.7.0"
  resolved "https://registry.npmjs.org/get-east-asian-width/-/get-east-asian-width-1.7.0.tgz"
  integrity sha512-XjH1AECxf0giL2V1aU8vKyRR2ppRUb5c0EvT7zuJTokQ74bNo52zOtghqdWIqrhUD79fo3x0WfKZdOqxF6LG1Q==

global-directory@^5.0.0:
  version "5.0.0"
  resolved "https://registry.npmjs.org/global-directory/-/global-directory-5.0.0.tgz"
  integrity sha512-1pgFdhK3J2LeM+dVf2Pd424yHx2ou338lC0ErNP2hPx4j8eW1Sp0XqSjNxtk6Tc4Kr5wlWtSvz8cn2yb7/SG/w==
  dependencies:
    ini "6.0.0"

husky@^9.1.7:
  version "9.1.7"
  resolved "https://registry.npmjs.org/husky/-/husky-9.1.7.tgz"
  integrity sha512-5gs5ytaNjBrh5Ow3zrvdUUY+0VxIuWVL4i9irt6friV+BqdCfmV11CQTWMiBYWHbXhco+J1kHfTOUkePhCDvMA==

import-fresh@^3.3.0:
  version "3.3.1"
  resolved "https://registry.npmjs.org/import-fresh/-/import-fresh-3.3.1.tgz"
  integrity sha512-TR3KfrTZTYLPB6jUjfx6MF9WcWrHL9su5TObK4ZkYgBdWKPOFoSoQIdEuTuR82pmtxH2spWG9h6etwfr1pLBqQ==
  dependencies:
    parent-module "^1.0.0"
    resolve-from "^4.0.0"

ini@6.0.0:
  version "6.0.0"
  resolved "https://registry.npmjs.org/ini/-/ini-6.0.0.tgz"
  integrity sha512-IBTdIkzZNOpqm7q3dRqJvMaldXjDHWkEDfrwGEQTs5eaQMWV+djAhR+wahyNNMAa+qpbDUhBMVt4ZKNwpPm7xQ==

is-arrayish@^0.2.1:
  version "0.2.1"
  resolved "https://registry.npmjs.org/is-arrayish/-/is-arrayish-0.2.1.tgz"
  integrity sha512-zz06S8t0ozoDXMG+ube26zeCTNXcKIPJZJi8hBrF4idCLms4CG9QtK7qBl1boi5ODzFpjswb5JPmHCbMpjaYzg==

is-fullwidth-code-point@^3.0.0:
  version "3.0.0"
  resolved "https://registry.npmjs.org/is-fullwidth-code-point/-/is-fullwidth-code-point-3.0.0.tgz"
  integrity sha512-zymm5+u+sCsSWyD9qNaejV3DFvhCKclKdizYaJUuHA83RLjb7nSuGnddCHGv0hk+KY7BMAlsWeK4Ueg6EV6XQg==

is-plain-obj@^4.1.0:
  version "4.1.0"
  resolved "https://registry.npmjs.org/is-plain-obj/-/is-plain-obj-4.1.0.tgz"
  integrity sha512-+Pgi+vMuUNkJyExiMBt5IlFoMyKnr5zhJ4Uspz58WOhBF5QoIZkFyNHIbBAtHwzVAgk5RtndVNsDRN61/mmDqg==

is-unsafe@^2.0.0:
  version "2.0.2"
  resolved "https://registry.npmjs.org/is-unsafe/-/is-unsafe-2.0.2.tgz"
  integrity sha512-HgbIHPBH0KHHCcjLfGsCvhtPTVxjaAZlXjwdz7/GQC40SjSe4sfQsar8J5VFo8JOSbarkpV0OLG95bbaNd9aAQ==

jiti@2.6.1:
  version "2.6.1"
  resolved "https://registry.npmjs.org/jiti/-/jiti-2.6.1.tgz"
  integrity sha512-ekilCSN1jwRvIbgeg/57YFh8qQDNbwDb9xT/qu2DAHbFFZUicIl4ygVaAvzveMhMVr3LnpSKTNnwt8PoOfmKhQ==

js-tokens@^4.0.0:
  version "4.0.0"
  resolved "https://registry.npmjs.org/js-tokens/-/js-tokens-4.0.0.tgz"
  integrity sha512-RdJUflcE3cUzKiMqQgsCu06FPu9UdIJO0beYbPhHN4k6apgJtifcoCtT9bcxOpYBtpD2kCM6Sbzg4CausW/PKQ==

js-yaml@^4.1.0:
  version "4.3.2"
  resolved "https://registry.npmjs.org/js-yaml/-/js-yaml-4.3.2.tgz"
  integrity sha512-SFNOvSJ+Dgf/9An904Yx+CgSlIPCkIpao4qo51lpee25TIRejdH3rhR4EZMGoNx3/TP3O+wzWuiTFl4sqbltzA==
  dependencies:
    argparse "^2.0.1"

json-parse-even-better-errors@^2.3.0:
  version "2.3.1"
  resolved "https://registry.npmjs.org/json-parse-even-better-errors/-/json-parse-even-better-errors-2.3.1.tgz"
  integrity sha512-xyFwyhro/JEof6Ghe2iz2NcXoj2sloNsWr/XsERDK/oiPCfaNhl5ONfp+jQdAZRQQ0IJWNzH9zIZF7li91kh2w==

json-schema-traverse@^1.0.0:
  version "1.0.0"
  resolved "https://registry.npmjs.org/json-schema-traverse/-/json-schema-traverse-1.0.0.tgz"
  integrity sha512-NM8/P9n3XjXhIZn1lLhkFaACTOURQXjWhV4BA/RnOv8xvgqtqpAX9IO4mRQxSx1Rlo4tqzeqb0sOlruaOy3dug==

lines-and-columns@^1.1.6:
  version "1.2.4"
  resolved "https://registry.npmjs.org/lines-and-columns/-/lines-and-columns-1.2.4.tgz"
  integrity sha512-7ylylesZQ/PV29jhEDl3Ufjo6ZX7gCqJr5F7PKrqc93v7fzSymt1BpwEU8nAUXs8qzzvqhbjhK5QZg6Mt/HkBg==

locate-path@^3.0.0:
  version "3.0.0"
  resolved "https://registry.npmjs.org/locate-path/-/locate-path-3.0.0.tgz"
  integrity sha512-7AO748wWnIhNqAuaty2ZWHkQHRSNfPVIsPIfwEOWO22AmaoVrWavlOcMR5nzTLNYvp36X220/maaRsrec1G65A==
  dependencies:
    p-locate "^3.0.0"
    path-exists "^3.0.0"

locate-path@^6.0.0:
  version "6.0.0"
  resolved "https://registry.npmjs.org/locate-path/-/locate-path-6.0.0.tgz"
  integrity sha512-iPZK6eYjbxRu3uB4/WZ3EsEIMJFMqAoopl3R+zuq0UjcAm/MO6KCweDgPfP3elTztoKP3KtnVHxTn2NHBSDVUw==
  dependencies:
    p-locate "^5.0.0"

minimatch@^3.0.4:
  version "3.1.5"
  resolved "https://registry.npmjs.org/minimatch/-/minimatch-3.1.5.tgz"
  integrity sha512-VgjWUsnnT6n+NUk6eZq77zeFdpW2LWDzP6zFGrCbHXiYNul5Dzqk2HHQ5uFH2DNW5Xbp8+jVzaeNt94ssEEl4w==
  dependencies:
    brace-expansion "^1.1.7"

p-limit@^2.0.0:
  version "2.3.0"
  resolved "https://registry.npmjs.org/p-limit/-/p-limit-2.3.0.tgz"
  integrity sha512-//88mFWSJx8lxCzwdAABTJL2MyWB12+eIY7MDL2SqLmAkeKU9qxRvWuSyTjm3FUmpBEMuFfckAIqEaVGUDxb6w==
  dependencies:
    p-try "^2.0.0"

p-limit@^3.0.2:
  version "3.1.0"
  resolved "https://registry.npmjs.org/p-limit/-/p-limit-3.1.0.tgz"
  integrity sha512-TYOanM3wGwNGsZN2cVTYPArw454xnXj5qmWF1bEoAc4+cU/ol7GVh7odevjp1FNHduHc3KZMcFduxU5Xc6uJRQ==
  dependencies:
    yocto-queue "^0.1.0"

p-locate@^3.0.0:
  version "3.0.0"
  resolved "https://registry.npmjs.org/p-locate/-/p-locate-3.0.0.tgz"
  integrity sha512-x+12w/To+4GFfgJhBEpiDcLozRJGegY+Ei7/z0tSLkMmxGZNybVMSfWj9aJn8Z5Fc7dBUNJOOVgPv2H7IwulSQ==
  dependencies:
    p-limit "^2.0.0"

p-locate@^5.0.0:
  version "5.0.0"
  resolved "https://registry.npmjs.org/p-locate/-/p-locate-5.0.0.tgz"
  integrity sha512-LaNjtRWUBY++zB5nE/NwcaoMylSPk+S+ZHNB1TzdbMJMny6dynpAGt7X/tl/QYq3TIeE6nxHppbo2LGymrG5Pw==
  dependencies:
    p-limit "^3.0.2"

p-try@^2.0.0:
  version "2.2.0"
  resolved "https://registry.npmjs.org/p-try/-/p-try-2.2.0.tgz"
  integrity sha512-R4nPAVTAU0B9D35/Gk3uJf/7XYbQcyohSKdvAxIRSNghFl4e71hVoGnBNQz9cWaXxO2I10KTC+3jMdvvoKw6dQ==

parent-module@^1.0.0:
  version "1.0.1"
  resolved "https://registry.npmjs.org/parent-module/-/parent-module-1.0.1.tgz"
  integrity sha512-GQ2EWRpQV8/o+Aw8YqtfZZPfNRWZYkbidE9k5rpl/hC3vtHHBfGm2Ifi6qWV+coDGkrUKZAxE3Lot5kcsRlh+g==
  dependencies:
    callsites "^3.0.0"

parse-json@^5.2.0:
  version "5.2.0"
  resolved "https://registry.npmjs.org/parse-json/-/parse-json-5.2.0.tgz"
  integrity sha512-ayCKvm/phCGxOkYRSCM82iDwct8/EonSEgCSxWxD7ve6jHggsFl4fZVQBPRNgQoKiuV/odhFrGzQXZwbifC8Rg==
  dependencies:
    "@babel/code-frame" "^7.0.0"
    error-ex "^1.3.1"
    json-parse-even-better-errors "^2.3.0"
    lines-and-columns "^1.1.6"

path-exists@^3.0.0:
  version "3.0.0"
  resolved "https://registry.npmjs.org/path-exists/-/path-exists-3.0.0.tgz"
  integrity sha512-bpC7GYwiDYQ4wYLe+FA8lhRjhQCMcQGuSgGGqDkg/QerRWw9CmGRT0iSOVRSZJ29NMLZgIzqaljJ63oaL4NIJQ==

path-exists@^4.0.0:
  version "4.0.0"
  resolved "https://registry.npmjs.org/path-exists/-/path-exists-4.0.0.tgz"
  integrity sha512-ak9Qy5Q7jYb2Wwcey5Fpvg2KoAc/ZIhLSLOSBmRmygPsGwkVVt0fZa0qrtMz+m6tJTAHfZQ8FnmB4MG4LWy7/w==

path-expression-matcher@^1.6.2:
  version "1.6.2"
  resolved "https://registry.npmjs.org/path-expression-matcher/-/path-expression-matcher-1.6.2.tgz"
  integrity sha512-enSlaiat05iasnzmgNxRj8reFdj3puY2QpNgP1aPIaVfT6nn9ICuPoFlKHk8EN22HcwewshO+mN2DGbkCEOtqQ==

picocolors@^1.1.1:
  version "1.1.1"
  resolved "https://registry.npmjs.org/picocolors/-/picocolors-1.1.1.tgz"
  integrity sha512-xceH2snhtb5M9liqDsmEw56le376mTZkEX/jEb/RxNFyegNul7eNslCXP9FDj/Lcu0X8KEyMceP2ntpaHrDEVA==

require-directory@^2.1.1:
  version "2.1.1"
  resolved "https://registry.npmjs.org/require-directory/-/require-directory-2.1.1.tgz"
  integrity sha512-fGxEI7+wsG9xrvdjsrlmL22OMTTiHRwAMroiEeMgq8gzoLC/PQr7RsRDSTLUg/bZAZtF+TVIkHc6/4RIKrui+Q==

require-from-string@^2.0.2:
  version "2.0.2"
  resolved "https://registry.npmjs.org/require-from-string/-/require-from-string-2.0.2.tgz"
  integrity sha512-Xf0nWe6RseziFMu+Ap9biiUbmplq6S9/p+7w7YXP/JBHhrUDDUhwa+vANyubuqfZWTveU//DYVGsDG7RKL/vEw==

resolve-from@^4.0.0:
  version "4.0.0"
  resolved "https://registry.npmjs.org/resolve-from/-/resolve-from-4.0.0.tgz"
  integrity sha512-pb/MYmXstAkysRFx8piNI1tGFNQIFA3vkE3Gq4EuA1dF6gHp/+vgZqsCGJapvy8N3Q+4o7FwvquPJcnZ7RYy4g==

resolve-from@^5.0.0:
  version "5.0.0"
  resolved "https://registry.npmjs.org/resolve-from/-/resolve-from-5.0.0.tgz"
  integrity sha512-qYg9KP24dD5qka9J47d0aVky0N+b4fTU89LN9iDnjB5waksiC49rvMB0PrUJQGoTmH50XPiqOvAjDfaijGxYZw==

semver@^7.5.2, semver@^7.6.0, semver@^7.7.2, semver@^7.8.5:
  version "7.8.5"
  resolved "https://registry.npmjs.org/semver/-/semver-7.8.5.tgz"
  integrity sha512-Y7/KDsb8LjooZpwaqGyulO6DQlksgCncchHGk+sZIY4SBvUocMBEFH5Ur1fI4dV+Jvl0w6cjvucaIi40puRioA==

string-width@^4.1.0, string-width@^4.2.0, string-width@^4.2.3:
  version "4.2.3"
  resolved "https://registry.npmjs.org/string-width/-/string-width-4.2.3.tgz"
  integrity sha512-wKyQRQpjJ0sIp62ErSZdGsjMJWsap5oRNihHhu6G7JVO/9jIB6UyevL+tXuOqrng8j/cxKTWyWUwvSTriiZz/g==
  dependencies:
    emoji-regex "^8.0.0"
    is-fullwidth-code-point "^3.0.0"
    strip-ansi "^6.0.1"

string-width@^7.0.0:
  version "7.2.0"
  resolved "https://registry.npmjs.org/string-width/-/string-width-7.2.0.tgz"
  integrity sha512-tsaTIkKW9b4N+AEj+SVA+WhJzV7/zMhcSu78mLKWSk7cXMOSHsBKFWUs0fWwq8QyK3MgJBQRX6Gbi4kYbdvGkQ==
  dependencies:
    emoji-regex "^10.3.0"
    get-east-asian-width "^1.0.0"
    strip-ansi "^7.1.0"

string-width@^7.2.0:
  version "7.2.0"
  resolved "https://registry.npmjs.org/string-width/-/string-width-7.2.0.tgz"
  integrity sha512-tsaTIkKW9b4N+AEj+SVA+WhJzV7/zMhcSu78mLKWSk7cXMOSHsBKFWUs0fWwq8QyK3MgJBQRX6Gbi4kYbdvGkQ==
  dependencies:
    emoji-regex "^10.3.0"
    get-east-asian-width "^1.0.0"
    strip-ansi "^7.1.0"

string-width@^8.2.1:
  version "8.2.2"
  resolved "https://registry.npmjs.org/string-width/-/string-width-8.2.2.tgz"
  integrity sha512-GaPUh5gfdrYzqeVNZvUfT23vYYxXzKYidUcnMtJg/3rxRV63EFZy3k6xfKlmfeJD0176lnUV/Usr3XcwSvFzpg==
  dependencies:
    get-east-asian-width "^1.5.0"
    strip-ansi "^7.1.2"

strip-ansi@^6.0.0, strip-ansi@^6.0.1:
  version "6.0.1"
  resolved "https://registry.npmjs.org/strip-ansi/-/strip-ansi-6.0.1.tgz"
  integrity sha512-Y38VPSHcqkFrCpFnQ9vuSXmquuv5oXOKpGeT6aGrr3o3Gc9AlVa6JBfUSOCnbxGGZF+/0ooI7KrPuUSztUdU5A==
  dependencies:
    ansi-regex "^5.0.1"

strip-ansi@^7.1.0, strip-ansi@^7.1.2:
  version "7.2.0"
  resolved "https://registry.npmjs.org/strip-ansi/-/strip-ansi-7.2.0.tgz"
  integrity sha512-yDPMNjp4WyfYBkHnjIRLfca1i6KMyGCtsVgoKe/z1+6vukgaENdgGBZt+ZmKPc4gavvEZ5OgHfHdrazhgNyG7w==
  dependencies:
    ansi-regex "^6.2.2"

strnum@^2.4.2:
  version "2.4.2"
  resolved "https://registry.npmjs.org/strnum/-/strnum-2.4.2.tgz"
  integrity sha512-rDG3Ah4TV0k1hWvLSzkZtMmLN9+eS+h3knq4MP6A42Y3Yh5qGNnOUs1jJkoSr8FG5dsL28c7KgkIBzSEykqtuw==
  dependencies:
    anynum "^1.0.1"

tinyexec@^1.0.0:
  version "1.3.1"
  resolved "https://registry.npmjs.org/tinyexec/-/tinyexec-1.3.1.tgz"
  integrity sha512-GCvB3aoys96IuDFBMcTB46JOR6mdMtAToqwiW8JlWhsoh1mhHi/xn9ss/Dg7N555GiJyEt2qzoG/NHCwM6h1EA==

typescript@>=4.9.5, typescript@>=5:
  version "7.0.2"
  resolved "https://registry.npmjs.org/typescript/-/typescript-7.0.2.tgz"
  integrity sha512-8FYau96o3NKOhbjKi/qNvG/W5jhzxkbdm5sj9AbZ/5T5sWqn3hJgLfGx27sRKZWTvyzCP8dLRBTf5tBTSRVUNA==
  optionalDependencies:
    "@typescript/typescript-aix-ppc64" "7.0.2"
    "@typescript/typescript-darwin-arm64" "7.0.2"
    "@typescript/typescript-darwin-x64" "7.0.2"
    "@typescript/typescript-freebsd-arm64" "7.0.2"
    "@typescript/typescript-freebsd-x64" "7.0.2"
    "@typescript/typescript-linux-arm" "7.0.2"
    "@typescript/typescript-linux-arm64" "7.0.2"
    "@typescript/typescript-linux-loong64" "7.0.2"
    "@typescript/typescript-linux-mips64el" "7.0.2"
    "@typescript/typescript-linux-ppc64" "7.0.2"
    "@typescript/typescript-linux-riscv64" "7.0.2"
    "@typescript/typescript-linux-s390x" "7.0.2"
    "@typescript/typescript-linux-x64" "7.0.2"
    "@typescript/typescript-netbsd-arm64" "7.0.2"
    "@typescript/typescript-netbsd-x64" "7.0.2"
    "@typescript/typescript-openbsd-arm64" "7.0.2"
    "@typescript/typescript-openbsd-x64" "7.0.2"
    "@typescript/typescript-sunos-x64" "7.0.2"
    "@typescript/typescript-win32-arm64" "7.0.2"
    "@typescript/typescript-win32-x64" "7.0.2"

undici-types@~8.9.0:
  version "8.9.0"
  resolved "https://registry.npmjs.org/undici-types/-/undici-types-8.9.0.tgz"
  integrity sha512-KTDyRTYX8sWmKXAikPHHSyc63CRPETMctyjKFupcC6OBLXT3xsN0e9aF7m+mIXutFWpUXuedtowG7iLOzp0kQg==

walk-up-path@^4.0.0:
  version "4.0.0"
  resolved "https://registry.npmjs.org/walk-up-path/-/walk-up-path-4.0.0.tgz"
  integrity sha512-3hu+tD8YzSLGuFYtPRb48vdhKMi0KQV5sn+uWr8+7dMEq/2G/dtLrdDinkLjqq5TIbIBjYJ4Ax/n3YiaW7QM8A==

wrap-ansi@^7.0.0:
  version "7.0.0"
  resolved "https://registry.npmjs.org/wrap-ansi/-/wrap-ansi-7.0.0.tgz"
  integrity sha512-YVGIj2kamLSTxw6NsZjoBxfSwsn0ycdesmc4p+Q21c5zPuZ1pl+NfxVdxPtdHvmNVOQ6XSYG4AUtyt/Fi7D16Q==
  dependencies:
    ansi-styles "^4.0.0"
    string-width "^4.1.0"
    strip-ansi "^6.0.0"

wrap-ansi@^9.0.0:
  version "9.0.2"
  resolved "https://registry.npmjs.org/wrap-ansi/-/wrap-ansi-9.0.2.tgz"
  integrity sha512-42AtmgqjV+X1VpdOfyTGOYRi0/zsoLqtXQckTmqTeybT+BDIbM/Guxo7x3pE2vtpr1ok6xRqM9OpBe+Jyoqyww==
  dependencies:
    ansi-styles "^6.2.1"
    string-width "^7.0.0"
    strip-ansi "^7.1.0"

xml-naming@^0.3.0:
  version "0.3.0"
  resolved "https://registry.npmjs.org/xml-naming/-/xml-naming-0.3.0.tgz"
  integrity sha512-ghig2TBE/H11aOVgmahA3MhimvkBr6JIYknH/Dhdk10nXwdbIqBJsbfMxpvFPG8bAw77gN29aQWvKpmVoPlvPQ==

y18n@^5.0.5:
  version "5.0.8"
  resolved "https://registry.npmjs.org/y18n/-/y18n-5.0.8.tgz"
  integrity sha512-0pfFzegeDWJHJIAmTLRP2DwHjdF5s7jo9tuztdQxAhINCdvS+3nGINqPd00AphqJR/0LhANUS6/+7SCb98YOfA==

yaml@^2.9.0:
  version "2.9.1"
  resolved "https://registry.npmjs.org/yaml/-/yaml-2.9.1.tgz"
  integrity sha512-3NxN8+78OdzbT7C/WjGsyfPAtJaN3FNDsWxv7Y7mcDsT/oOmgW8BpyQQFFBnvZE3j9Y2Sdz1ULFLezL7Eb2yFw==

yargs-parser@^21.1.1:
  version "21.1.1"
  resolved "https://registry.npmjs.org/yargs-parser/-/yargs-parser-21.1.1.tgz"
  integrity sha512-tVpsJW7DdjecAiFpbIB1e3qxIQsE6NoPc5/eTdrbbIC4h0LVsWhnoa3g+m2HclBIujHzsxZ4VJVA+GUuc2/LBw==

yargs-parser@^22.0.0:
  version "22.0.0"
  resolved "https://registry.npmjs.org/yargs-parser/-/yargs-parser-22.0.0.tgz"
  integrity sha512-rwu/ClNdSMpkSrUb+d6BRsSkLUq1fmfsY6TOpYzTwvwkg1/NRG85KBy3kq++A8LKQwX6lsu+aWad+2khvuXrqw==

yargs@^17.7.2:
  version "17.7.3"
  resolved "https://registry.npmjs.org/yargs/-/yargs-17.7.3.tgz"
  integrity sha512-GZtjxm/J/4TSxuL3FNYjCmLktBTnIw/rVmKSIyKeYAZpmJB2ig9VauCC5xsa82GNKVKDAqpOn3KVzNt0zmrU0g==
  dependencies:
    cliui "^8.0.1"
    escalade "^3.1.1"
    get-caller-file "^2.0.5"
    require-directory "^2.1.1"
    string-width "^4.2.3"
    y18n "^5.0.5"
    yargs-parser "^21.1.1"

yargs@^18.0.0:
  version "18.2.0"
  resolved "https://registry.npmjs.org/yargs/-/yargs-18.2.0.tgz"
  integrity sha512-9OpKOLeaoNFecEp7P6iYbzze/5CqWoH7N3SMs/6y1XF4nMvFMspEGZzJ6uFi9MmQwXhyzqYoSEKO3tvA3Z/o2w==
  dependencies:
    cliui "^9.0.1"
    escalade "^3.1.1"
    get-caller-file "^2.0.5"
    string-width "^8.2.1"
    y18n "^5.0.5"
    yargs-parser "^22.0.0"

yocto-queue@^0.1.0:
  version "0.1.0"
  resolved "https://registry.npmjs.org/yocto-queue/-/yocto-queue-0.1.0.tgz"
  integrity sha512-rVksvsnNCdJ/ohGc6xgPwyN8eheCxsiLM8mxuE/t/mOVqJewPuO1miLpTHQiRgTKCLexL4MeAFVagts7HmNZ2Q==
